lockfileVersion: '9.0'

settings:
  autoInstallPeers: true
  excludeLinksFromLockfile: false

catalogs:
  default:
    '@feature-sliced/steiger-plugin':
      specifier: ^0.7.0
      version: 0.7.0
    '@types/node':
      specifier: ^24.13.5
      version: 24.13.5
    '@types/react':
      specifier: ^19.3.0
      version: 19.3.0
    '@types/react-dom':
      specifier: ^19.3.0
      version: 19.3.0
    next:
      specifier: ^16.3.5
      version: 16.3.5
    prettier:
      specifier: 3.9.7
      version: 3.9.7
    prettier-plugin-tailwindcss:
      specifier: ^0.8.1
      version: 0.8.1
    react:
      specifier: ^19.3.0
      version: 19.3.0
    react-dom:
      specifier: ^19.3.0
      version: 19.3.0
    steiger:
      specifier: ^0.6.0
      version: 0.6.0
    turbo:
      specifier: ^2.10.13
      version: 2.10.13
    typescript:
      specifier: ~6.0.3
      version: 6.0.3

importers:

  .:
    devDependencies:
      '@repo/prettier-config':
        specifier: workspace:*
        version: link:tooling/prettier
      prettier:
        specifier: 'catalog:'
        version: 3.9.7
      turbo:
        specifier: 'catalog:'
        version: 2.10.13

  apps/web:
    dependencies:
      next:
        specifier: 'catalog:'
        version: 16.3.5(@types/node@24.13.5)(react-dom@19.3.0(react@19.3.0))(react@19.3.0)
      react:
        specifier: 'catalog:'
        version: 19.3.0
      react-dom:
        specifier: 'catalog:'
        version: 19.3.0(react@19.3.0)
    devDependencies:
      '@feature-sliced/steiger-plugin':
        specifier: 'catalog:'
        version: 0.7.0(typescript@6.0.3)
      '@repo/prettier-config':
        specifier: workspace:*
        version: link:../../tooling/prettier
      '@repo/typescript-config':
        specifier: workspace:*
        version: link:../../tooling/typescript
      '@types/node':
        specifier: 'catalog:'
        version: 24.13.5
      '@types/react':
        specifier: 'catalog:'
        version: 19.3.0
      '@types/react-dom':
        specifier: 'catalog:'
        version: 19.3.0(@types/react@19.3.0)
      prettier:
        specifier: 'catalog:'
        version: 3.9.7
      steiger:
        specifier: 'catalog:'
        version: 0.6.0(typescript@6.0.3)
      typescript:
        specifier: 'catalog:'
        version: 6.0.3

  tooling/prettier:
    dependencies:
      prettier-plugin-tailwindcss:
        specifier: 'catalog:'
        version: 0.8.1(prettier@3.9.7)
    devDependencies:
      prettier:
        specifier: 'catalog:'
        version: 3.9.7

  tooling/typescript:
    devDependencies:
      '@repo/prettier-config':
        specifier: workspace:*
        version: link:../prettier
      prettier:
        specifier: 'catalog:'
        version: 3.9.7

packages:

  '@babel/code-frame@7.29.7':
    resolution: {integrity: sha512-Aup7aUOfpbAUg2ROOJN6Iw5f9DMBlzu0mIkm/malLQFN/YQgO48wCj0Kxa3sEHJvPVFg7siR+qRInwXd2qhQKw==}
    engines: {node: '>=6.9.0'}

  '@babel/helper-validator-identifier@7.29.7':
    resolution: {integrity: sha512-qehxGkRj55h/ff8EMaJ+cYhyaKlHIxqYDn682wQD7RNp9UujOQsHog2uS0r2vzr4pW+sXf90NeeayjcNaX3fFg==}
    engines: {node: '>=6.9.0'}

  '@clack/core@0.4.1':
    resolution: {integrity: sha512-Pxhij4UXg8KSr7rPek6Zowm+5M22rbd2g1nfojHJkxp5YkFqiZ2+YLEM/XGVIzvGOcM0nqjIFxrpDwWRZYWYjA==}

  '@clack/prompts@0.9.1':
    resolution: {integrity: sha512-JIpyaboYZeWYlyP0H+OoPPxd6nqueG/CmN6ixBiNFsIDHREevjIf0n0Ohh5gr5C8pEDknzgvz+pIJ8dMhzWIeg==}

  '@emnapi/runtime@1.11.3':
    resolution: {integrity: sha512-Xz4Tpyki7XyrpbUK1jR1AhdAdaXyhhY4lZ3neLodmhpuWfy2PAQN5B46sAiU4liOXGLkHypn/qU+jvfWSCYYLA==}

  '@feature-sliced/filesystem@3.1.1':
    resolution: {integrity: sha512-P3WpHkOqdH4572ZhTfeg/Sbw0qkIuMw0QcLyTUygfwTZg1yd7hIv8QDYbhTddNTiFDgBRJTrYw/s6r2hnlo6Tw==}

  '@feature-sliced/steiger-plugin@0.7.0':
    resolution: {integrity: sha512-jd90OaXYW/6sQbJ9LjRhN4HFLrrqpp436V+6vpJQGpp/CVd+hynaLDtDfsZSxMgfgj8uvcow3zwwKRCnBlLWYQ==}

  '@img/colour@1.1.0':
    resolution: {integrity: sha512-Td76q7j57o/tLVdgS746cYARfSyxk8iEfRxewL9h4OMzYhbW4TAcppl0mT4eyqXddh6L/jwoM75mo7ixa/pCeQ==}
    engines: {node: '>=18'}

  '@img/sharp-darwin-arm64@0.35.4':
    resolution: {integrity: sha512-Uhfl4V4lhP2nbUVF9+hyH1+luj86f1gUFeo8ALYxFoULoU+G87D43BfeMP8XHsk9boxAnCY/bf2EHwhA7MuGsA==}
    engines: {node: '>=20.9.0'}
    cpu: [arm64]
    os: [darwin]

  '@img/sharp-darwin-x64@0.35.4':
    resolution: {integrity: sha512-hWniXY3bG5qKpkKrAwPe4y+VTPmf086YQAnkxWh7uA1YrlRouWGa0M0Mxj3ZjnXFkv7/TD1bTy9lGUK26vRvWw==}
    engines: {node: '>=20.9.0'}
    cpu: [x64]
    os: [darwin]

  '@img/sharp-freebsd-wasm32@0.35.4':
    resolution: {integrity: sha512-lIsKw/BU+kjB4eZjxrYrZmwOJYi3Ajrv66iAlBmUPyKc3HpnloevB1g3wxGD9P/5BbQ1brBGl65VRRrCvQDEqA==}
    engines: {node: '>=20.9.0'}
    os: [freebsd]

  '@img/sharp-libvips-darwin-arm64@1.3.3':
    resolution: {integrity: sha512-suTBPTDGrI9WodccaDdwZItTSaBYASlBk1NSfElSHrUfzu3szG6lvIF58+WiFvnfzuK8ZBFS5zE00PxqxnRiPg==}
    cpu: [arm64]
    os: [darwin]

  '@img/sharp-libvips-darwin-x64@1.3.3':
    resolution: {integrity: sha512-FVJZ5mITMobmXIz/hPDTw0EintTW5H3WfrxwLqEqjiIihlu+hVRyGrFQ60xl0Lxn7Bt3zdpevPaQi0HEzqz9fw==}
    cpu: [x64]
    os: [darwin]

  '@img/sharp-libvips-linux-arm64@1.3.3':
    resolution: {integrity: sha512-0DaL0A6Xu6sQSQFwe4iVCrKWU2cCTItnRsYsCdxAMm9NF6twAA9BKnoqy4hqz4+azQ0JHuA26qiUKsf1XJ/v5A==}
    cpu: [arm64]
    os: [linux]
    libc: [glibc]

  '@img/sharp-libvips-linux-arm@1.3.3':
    resolution: {integrity: sha512-3rbU4vqXXc3hY/OiXdl52xZvT0F1yEngWfvqudtPJg/KkyiaQw2DRsFrNzpmLvfavbwOq3qXn36GP8obHRULQA==}
    cpu: [arm]
    os: [linux]
    libc: [glibc]

  '@img/sharp-libvips-linux-ppc64@1.3.3':
    resolution: {integrity: sha512-cdn1OvUBwsXhbC0zSzJnNzf5MZ/mTrobawDvNXBTxe8VtqKAm0sRuEY2Evzovb/w9JMk4TvRxqt1mekSuJz64w==}
    cpu: [ppc64]
    os: [linux]
    libc: [glibc]

  '@img/sharp-libvips-linux-riscv64@1.3.3':
    resolution: {integrity: sha512-HjPVx7yKz+0lqdhDlTw1tt90wamBoxhiXpvl1XZpJLiHH4RCJ5yDTqH+VlYPv2fwFs89JFw4c1IexYOcQUi4IQ==}
    cpu: [riscv64]
    os: [linux]
    libc: [glibc]

  '@img/sharp-libvips-linux-s390x@1.3.3':
    resolution: {integrity: sha512-neWLh+3yCNThxnfy3c4BbVBeGgt9aftno+XbT56iK28RgeDs3UOFWviLWlUu0bArYVYJaFDK+RRohbicUNCm8Q==}
    cpu: [s390x]
    os: [linux]
    libc: [glibc]

  '@img/sharp-libvips-linux-x64@1.3.3':
    resolution: {integrity: sha512-4vKmvAst9nrowcqquKFAyZJUDolUaIp8uRiN0mWFguJ1IplC9/pitXtlnnlU4aa/eJw3J7i67V+pwUL+wZGdsA==}
    cpu: [x64]
    os: [linux]
    libc: [glibc]

  '@img/sharp-libvips-linuxmusl-arm64@1.3.3':
    resolution: {integrity: sha512-Y9kQaLMuNoB0bPYOOdcZMaseNrFpPodIWWMrx+CZyydf2xn68j9WYc6sWWRrDwNkzCQjKYfc68L7jKjGlHMibw==}
    cpu: [arm64]
    os: [linux]
    libc: [musl]

  '@img/sharp-libvips-linuxmusl-x64@1.3.3':
    resolution: {integrity: sha512-fj8Mv0HHfD1Rr+4I68+3agJynxDWtBFgicTbSOb9Bke6pIwzGcJ+RX/yHjmiEGFMCavY/dxvem7MyNaJF+wDiw==}
    cpu: [x64]
    os: [linux]
    libc: [musl]

  '@img/sharp-linux-arm64@0.35.4':
    resolution: {integrity: sha512-De4jpEnAU8Hd5oT0j1G3uL4ZvTuipVMn7YC6vPaJhy6/7EwEae0SVAoBrUMYQbkLGDm85taVWwuPc1a44LTzCQ==}
    engines: {node: '>=20.9.0'}
    cpu: [arm64]
    os: [linux]
    libc: [glibc]

  '@img/sharp-linux-arm@0.35.4':
    resolution: {integrity: sha512-7OAS8gI0EReKGVN2HssHlM6umJgxF5VI3xN0p9FA91p/YO+ou5hiNghLdZ5BEHztwaaK5+bLKRf8x/o2L2nk9A==}
    engines: {node: '>=20.9.0'}
    cpu: [arm]
    os: [linux]
    libc: [glibc]

  '@img/sharp-linux-ppc64@0.35.4':
    resolution: {integrity: sha512-2oYZJeIl4kCcMGk4ouZVjnkCtFrpQFlNEtJ6GbxzhHQchwH0NH/qEb9ykmOl29dqwMq+JhFdZn+1ak2FKhI9fQ==}
    engines: {node: '>=20.9.0'}
    cpu: [ppc64]
    os: [linux]
    libc: [glibc]

  '@img/sharp-linux-riscv64@0.35.4':
    resolution: {integrity: sha512-cPbNChoRURAWdebDIHSenxRpgEdy7JkPydSnUxRm9VvKD7m0/xVaR/8Fzlu81pk5nHEvHH87UZUA7cTtwnbJSA==}
    engines: {node: '>=20.9.0'}
    cpu: [riscv64]
    os: [linux]
    libc: [glibc]

  '@img/sharp-linux-s390x@0.35.4':
    resolution: {integrity: sha512-RY0JFY8Fd6RonCBtHz+DvadaPkXDSI1AUn6yWL9TipqkZ1vY8w8evqdgyDFnkm4/K1ve1TvZiaePP5oSd4+WVQ==}
    engines: {node: '>=20.9.0'}
    cpu: [s390x]
    os: [linux]
    libc: [glibc]

  '@img/sharp-linux-x64@0.35.4':
    resolution: {integrity: sha512-9qvvEAuk8k89TfWUoX2htWjbAMX8p+NxCppjpcg5k6xMsjhBQPTsoIh36h9Qde4WRuGpJeYnOjdosDn/cnv+OA==}
    engines: {node: '>=20.9.0'}
    cpu: [x64]
    os: [linux]
    libc: [glibc]

  '@img/sharp-linuxmusl-arm64@0.35.4':
    resolution: {integrity: sha512-KB5jxpfWQTr0nc3xdHtWChdbifHrBGsd2SM62Eyxrl8afikm+f5qGBU75SJIZBT/S1MC8XyacdlXBMSWq6OURA==}
    engines: {node: '>=20.9.0'}
    cpu: [arm64]
    os: [linux]
    libc: [musl]

  '@img/sharp-linuxmusl-x64@0.35.4':
    resolution: {integrity: sha512-f+eZJZIQNEEd26RPSW+76chwOf1XtA2Y/O+5ocVyLliHkeih3e+jhLVBdNTd2rS3IbNXK8+ug93Vf5ZXtF5Lxg==}
    engines: {node: '>=20.9.0'}
    cpu: [x64]
    os: [linux]
    libc: [musl]

  '@img/sharp-wasm32@0.35.4':
    resolution: {integrity: sha512-zQnl4Kwp7Q6NHsENtU2T/00Zi+w3AQNwz3+UaTyVBy2FpXrzXzGjndpK61onhZjRtRpQXxCTeqw19bVyXOh7jA==}
    engines: {node: '>=20.9.0'}

  '@img/sharp-webcontainers-wasm32@0.35.4':
    resolution: {integrity: sha512-ESfNkywmCfPNyaZjxooddJQiQ+l/nTpGEOGthxiLnIHXC/CmcBixnfwUleX9mCz9ovrUUvKMap/pm8RYbzfwaA==}
    engines: {node: '>=20.9.0'}
    cpu: [wasm32]

  '@img/sharp-win32-arm64@0.35.4':
    resolution: {integrity: sha512-iNdlBX9gLVvqe2I3uIJSIKTq6wckP/DYxZtcqxm09x5Gi24DnFBmPAWZmr60ZyYMG0xlzo6goG3670ar+RXvRw==}
    engines: {node: '>=20.9.0'}
    cpu: [arm64]
    os: [win32]

  '@img/sharp-win32-ia32@0.35.4':
    resolution: {integrity: sha512-kqRsbaa5CS6KHlpxnN7WhE6vAAugXyZButpRdvDWetlv6Qv4N9WTcrWzF7tXfB9T7MsoadqdI8hmwLq6UlLvtw==}
    engines: {node: ^20.9.0}
    cpu: [ia32]
    os: [win32]

  '@img/sharp-win32-x64@0.35.4':
    resolution: {integrity: sha512-XtmnYhBcrORsJ4XJngyzr/EWP0hRZLAZRFaApdKuviyqF78+ylxh2y06ZmtULAMOnObJ3ucpN0AcwSWnMowTRg==}
    engines: {node: '>=20.9.0'}
    cpu: [x64]
    os: [win32]

  '@next/env@16.3.5':
    resolution: {integrity: sha512-NWEXVDMqoEo0ktmU6u0sE2Vg0LOcsD7NnOTJNo3/fEaTfsg+F1bMIxuDmQbda4e3yTIQwVdUREF2yIuMOusKtg==}

  '@next/swc-darwin-arm64@16.3.5':
    resolution: {integrity: sha512-pMmGgETfKvElucLHtVaeiMRbp2zUbvKx7b1yGko0liBz3cw1mKSggWN/Rp/wPz8z+E1O82u3r4L1Co+ZS5hokQ==}
    engines: {node: '>= 10'}
    cpu: [arm64]
    os: [darwin]

  '@next/swc-darwin-x64@16.3.5':
    resolution: {integrity: sha512-76VaGYvf6HPa5/w12yLkE3dXTn9AfdEviI79oEL3aZoAmRLc9rWitjWqyjViVysK/ht/y9YKzFkBrUdi/wGkow==}
    engines: {node: '>= 10'}
    cpu: [x64]
    os: [darwin]

  '@next/swc-linux-arm64-gnu@16.3.5':
    resolution: {integrity: sha512-zKDELJ5jSQMHeO/hmXUQsAzagX4bQD4OiMi3pQ5FbUj+yK506oLVHnKA2YXMlbg1EHHqJYtyePOgByIDXD1lqw==}
    engines: {node: '>= 10'}
    cpu: [arm64]
    os: [linux]
    libc: [glibc]

  '@next/swc-linux-arm64-musl@16.3.5':
    resolution: {integrity: sha512-7Vql0pgzCoHagv6+FNOZoqmJqA52c6zeVbhtS/47qFozO1MSx4ms7x7GHiciY8R5CDsSMKMQjJEryoJLcsBIbA==}
    engines: {node: '>= 10'}
    cpu: [arm64]
    os: [linux]
    libc: [musl]

  '@next/swc-linux-x64-gnu@16.3.5':
    resolution: {integrity: sha512-NH/xzehyHEFWE2nlcZon7TB/0+H4shfWCi7S1zka815XCOhJDYZhoeJtOYy0dh0WVRWACVXSyGNFFytoMxUhRg==}
    engines: {node: '>= 10'}
    cpu: [x64]
    os: [linux]
    libc: [glibc]

  '@next/swc-linux-x64-musl@16.3.5':
    resolution: {integrity: sha512-lV4+EhWMfS8jcC+EH2nn/Cm5cn6XsgbE07bU9tMH8fCo0tNAqhyzi1b5wQ/Tn6NGFTvKDY65w3ZH95EjwBRAnQ==}
    engines: {node: '>= 10'}
    cpu: [x64]
    os: [linux]
    libc: [musl]

  '@next/swc-win32-arm64-msvc@16.3.5':
    resolution: {integrity: sha512-/wKzAREX2RF++MhicjDbg8tGn2AiBIM0+EFeTFKoUEUbW5D6amCJehd5Z5G1H5/gxNdgnwoXMcHz24H/c2tGkQ==}
    engines: {node: '>= 10'}
    cpu: [arm64]
    os: [win32]

  '@next/swc-win32-x64-msvc@16.3.5':
    resolution: {integrity: sha512-LNdCHzgLFc+UeqMS84LzXPaeBRKyqDN9OMyFAr1OrB0XrNw78IRrEVtZvvA7245W/HsaoeVOQX9jPjPk8jojwA==}
    engines: {node: '>= 10'}
    cpu: [x64]
    os: [win32]

  '@nodelib/fs.scandir@2.1.5':
    resolution: {integrity: sha512-vq24Bq3ym5HEQm2NKCr3yXDwjc7vTsEThRDnkp2DK9p1uqLR+DHurm/NOTo0KG7HYHU7eppKZj3MyqYuMBf62g==}
    engines: {node: '>= 8'}

  '@nodelib/fs.stat@2.0.5':
    resolution: {integrity: sha512-RkhPPp2zrqDAQA/2jNhnztcPAlv64XdhIp7a7454A5ovI7Bukxgt7MX7udwAu3zg1DcpPU0rz3VV1SeaqvY4+A==}
    engines: {node: '>= 8'}

  '@nodelib/fs.walk@1.2.8':
    resolution: {integrity: sha512-oGB+UxlgWcgQkgwo8GcEGwemoTFt3FIO9ababBmaGwXIoBKZ+GTy0pP185beGg7Llih/NSHSV2XAs1lnznocSg==}
    engines: {node: '>= 8'}

  '@sindresorhus/merge-streams@2.3.0':
    resolution: {integrity: sha512-LtoMMhxAlorcGhmFYI+LhPgbPZCkgP6ra1YL604EeF6U98pLlQ3iWIGMdWSC+vWmPBWBNgmDBAhnAobLROJmwg==}
    engines: {node: '>=18'}

  '@swc/helpers@0.5.23':
    resolution: {integrity: sha512-5lSsMOTXURePglDfvuAQUqkGek9Hg2kksOYay2m0+XR++b2NWYL/4sWyuvVBIs8oKnJaxkdi9whaL/sqN13afw==}

  '@turbo/darwin-64@2.10.13':
    resolution: {integrity: sha512-m5DBcpkxmcKpEJHHFUfqf9GLUjSmw3cDnBJM9nghPW3kjCNb5OyNKmzG7/yT5x5AwzOO+HMwKN+UI4iVKL87YA==}
    cpu: [x64]
    os: [darwin]

  '@turbo/darwin-arm64@2.10.13':
    resolution: {integrity: sha512-vfKPvSuoY8BJGj8M8yN+a7aq1g+CejbEacDSDlJLDkSbPN3J/U1DbYAmPG8Ype5XvImI0SgfvUhIorNnFj67zw==}
    cpu: [arm64]
    os: [darwin]

  '@turbo/linux-64@2.10.13':
    resolution: {integrity: sha512-Zp0N5M6j9iEjJtFLTA2L+52TLuYy0VbXT3zLZzfMeqqdKSUJ7pDo2pA1NhqjoQcF2dIsktZ8xZRW3pGI6T81fw==}
    cpu: [x64]
    os: [android, linux]

  '@turbo/linux-arm64@2.10.13':
    resolution: {integrity: sha512-M8XcfWdS2D4EP3wzd5ehUyCANucMIOsRE6gZuV0Mr2NIn+FpsUjXFCh7r9HY7GnNcjXH4tUnT76OsCDg2c0Fng==}
    cpu: [arm64]
    os: [android, linux]

  '@turbo/windows-64@2.10.13':
    resolution: {integrity: sha512-QFd3KBMpBBCc31TbxMnxgdBivie8lxJXV8EqmanH8fg8l2e1BdCLWpZJbxk48VNvcF4LHUnwO0FJOq+veKN1cw==}
    cpu: [x64]
    os: [win32]

  '@turbo/windows-arm64@2.10.13':
    resolution: {integrity: sha512-rM+cFO1P8iAHXdasOdMyK9nDk0UGII7VEFLIA8+jwv/+rh48pnVBbF2OSjJDBOw57pxNLIOEDA0JyKcarTBcIw==}
    cpu: [arm64]
    os: [win32]

  '@types/node@24.13.5':
    resolution: {integrity: sha512-TXyindR+lBr22aJIdMQzCFHPHR6cR4js838mRDCSz5hOKWZvZwsXSSiXDmjRj4iJmgl+sR9O+1mkoVBSMadNug==}

  '@types/react-dom@19.3.0':
    resolution: {integrity: sha512-ZI7bU42mZXXKHn/qNLEw2IrbiINU7X5+vfgdixBHkCNpYWXjKgfQ/P+uyGb5CjOLB9UcnTeg3rylQtV2hym44Q==}
    peerDependencies:
      '@types/react': ^19.3.0

  '@types/react@19.3.0':
    resolution: {integrity: sha512-N0rFCuH9YoxG9/m61l9MfpJKfmLOVU0em7ipIz6TRgSSkvReLB9vL85GB+yr8Bs5leqpvg96JSwF4ZS1s4viQg==}

  ansi-regex@5.0.1:
    resolution: {integrity: sha512-quJQXlTSUGL2LH9SUXo8VwsY4soanhgo6LNSm84E1LBcE8s3O0wpdiRzyR9z/ZZJMlMWv37qOOb9pdJlMUEKFQ==}
    engines: {node: '>=8'}

  ansi-styles@4.3.0:
    resolution: {integrity: sha512-zbB9rCJAT1rbjiVDb2hqKFHNYLxgtk8NURxZ3IZwD3F6NtxbXZQCnnSi1Lkx+IDohdPlFp222wVALIheZJQSEg==}
    engines: {node: '>=8'}

  argparse@2.0.1:
    resolution: {integrity: sha512-8+9WqebbFzpX9OR+Wa6O29asIogeRMzcGtAINdpMHHyAg10f05aSFVBbcEqGf/PXw1EjAZ+q2/bEBg3DvurK3Q==}

  baseline-browser-mapping@2.11.24:
    resolution: {integrity: sha512-hYrgxie335U08WqICoGqKRzV1HFXv6zdxwJE4ekCb80CM9a0SVVsN4QPwT67RraRo+9h8IATk6uxHJw7QSkdOg==}
    engines: {node: '>=6.0.0'}
    hasBin: true

  braces@3.0.3:
    resolution: {integrity: sha512-yQbXgO/OSZVD2IsiLlro+7Hf6Q18EJrKSEsdoMzKePKXct3gvD8oLcOQdIzGupr5Fj+EDe8gO/lxc1BzfMpxvA==}
    engines: {node: '>=8'}

  callsites@3.1.0:
    resolution: {integrity: sha512-P8BjAsXvZS+VIDUI11hHCQEv74YT67YUi5JJFNWIqL235sBmjX4+qx9Muvls5ivyNENctx46xQLQ3aTuE7ssaQ==}
    engines: {node: '>=6'}

  caniuse-lite@1.0.30001810:
    resolution: {integrity: sha512-TITQPUkaz+aVk5GL6NhOdwk1aEaNTSDPsGFWrTuhKGtjTF70jL/Oht2W4c6rXUe5fu7Ie19VIahAXHIIiWWNeg==}

  chokidar@4.0.3:
    resolution: {integrity: sha512-Qgzu8kfBvo+cA4962jnP1KkS6Dop5NS6g7R5LFYJr4b8Ub94PPQXUksCw9PvXoeXPRRddRNC5C1JQUR2SMGtnA==}
    engines: {node: '>= 14.16.0'}

  client-only@0.0.1:
    resolution: {integrity: sha512-IV3Ou0jSMzZrd3pZ48nLkT9DA7Ag1pnPzaiQhpW7c3RbcqqzvzzVu+L8gfqMp/8IM2MQtSiqaCxrrcfu8I8rMA==}

  cliui@8.0.1:
    resolution: {integrity: sha512-BSeNnyus75C4//NQ9gQt1/csTXyo/8Sb+afLAkzAptFuMsod9HFokGNudZpi/oQV73hnVK+sR+5PVRMd+Dr7YQ==}
    engines: {node: '>=12'}

  color-convert@2.0.1:
    resolution: {integrity: sha512-RRECPsj7iu/xb5oKYcsFHSppFNnsj/52OVTRKb4zP5onXwVF3zVmmToNcOfGC+CRDpfK/U584fMg38ZHCaElKQ==}
    engines: {node: '>=7.0.0'}

  color-name@1.1.4:
    resolution: {integrity: sha512-dOy+3AuW3a2wNbZHIuMZpTcgjGuLU/uBL/ubcZF9OXbDo8ff4O8yVp5Bf0efS8uEoYo5q4Fx7dY9OgQGXgAsQA==}

  cosmiconfig@9.0.2:
    resolution: {integrity: sha512-gtTZxTDau1wL7Y7zifc2dd8jHSK/k6BTx/2Xp/BpdlAdnlYWFVt7qhJqgwi7637yRwRQ3qL4ZidbB4I8tA5VOg==}
    engines: {node: '>=14'}
    peerDependencies:
      typescript: '>=4.9.5'
    peerDependenciesMeta:
      typescript:
        optional: true

  csstype@3.2.3:
    resolution: {integrity: sha512-z1HGKcYy2xA8AGQfwrn0PAy+PB7X/GSj3UVJW9qKyn43xWa+gl5nXmU4qqLMRzWVLFC8KusUX8T/0kCiOYpAIQ==}

  detect-libc@2.1.2:
    resolution: {integrity: sha512-Btj2BOOO83o3WyH59e8MgXsxEQVcarkUOpEYrubB0urwnN10yQ364rsiByU11nZlqWYZm05i/of7io4mzihBtQ==}
    engines: {node: '>=8'}

  effector@23.4.4:
    resolution: {integrity: sha512-QkZboRN28K/iwxigDhlJcI3ux3aNbt8kYGGH/GkqWG0OlGeyuBhb7PdM89Iu+ogV8Lmz16xIlwnXR2UNWI6psg==}
    engines: {node: '>=11.0.0'}

  emoji-regex@8.0.0:
    resolution: {integrity: sha512-MSjYzcWNOA0ewAHpz0MxpYFvwg6yjy1NG3xteoqz644VCo/RPgnr1/GGt+ic3iJTzQ8Eu3TdM14SawnVUmGE6A==}

  empathic@1.1.0:
    resolution: {integrity: sha512-rsPft6CK3eHtrlp9Y5ALBb+hfK+DWnA4WFebbazxjWyx8vSm3rZeoM3z9irsjcqO3PYRzlfv27XIB4tz2DV7RA==}
    engines: {node: '>=14'}

  env-paths@2.2.1:
    resolution: {integrity: sha512-+h1lkLKhZMTYjog1VEpJNG7NZJWcuc2DDk/qsqSTRRCOXiLjeQ1d1/udrUGhqMxUgAlwKNZ0cf2uqan5GLuS2A==}
    engines: {node: '>=6'}

  error-ex@1.3.4:
    resolution: {integrity: sha512-sqQamAnR14VgCr1A618A3sGrygcpK+HEbenA/HiEAkkUwcZIIB/tgWqHFxWgOyDh4nB4JCRimh79dR5Ywc9MDQ==}

  escalade@3.2.0:
    resolution: {integrity: sha512-WUj2qlxaQtO4g6Pq5c29GTcWGDyd8itL8zTlipgECz3JesAiiOKotd8JU6otB3PACgG6xkJUyVhboMS+bje/jA==}
    engines: {node: '>=6'}

  fast-glob@3.3.3:
    resolution: {integrity: sha512-7MptL8U0cqcFdzIzwOTHoilX9x5BrNqye7Z/LuC7kCMRio1EMSyqRK3BEAUD7sXRq4iT4AzTVuZdhgQ2TCvYLg==}
    engines: {node: '>=8.6.0'}

  fastest-levenshtein@1.0.16:
    resolution: {integrity: sha512-eRnCtTTtGZFpQCwhJiUOuxPQWRXVKYDn0b2PeHfXL6/Zi53SLAzAHfVhVWK2AryC/WH05kGfxhFIPvTF0SXQzg==}
    engines: {node: '>= 4.9.1'}

  fastq@1.20.3:
    resolution: {integrity: sha512-XKv5nnLs6nLF71NgiKJLIZFLkPyIEuOselLG7ujZnGrRfQK8HpvY+WqKhAJUAdLomwVHErVS4LfxFlPq0/FTAw==}

  fill-range@7.1.1:
    resolution: {integrity: sha512-YsGpe3WHLK8ZYi4tWDg2Jy3ebRz2rXowDxnld4bkQB00cc/1Zw9AWnC0i9ztDJitivtQvaI9KaLyKrc+hBW0yg==}
    engines: {node: '>=8'}

  get-caller-file@2.0.5:
    resolution: {integrity: sha512-DyFP3BM/3YHTQOCUL/w0OZHR0lpKeGrxotcHWcqNEdnltqFwXVfhEBQ94eIo34AfQpo0rGki4cyIiftY06h2Fg==}
    engines: {node: 6.* || 8.* || >= 10.*}

  glob-parent@5.1.2:
    resolution: {integrity: sha512-AOIgSQCepiJYwP3ARnGx+5VnTu2HBYdzbGP45eLw1vr3zB3vZLeyed1sC9hnbcOc9/SrMyM5RPQrkGz4aS9Zow==}
    engines: {node: '>= 6'}

  globby@14.1.0:
    resolution: {integrity: sha512-0Ia46fDOaT7k4og1PDW4YbodWWr3scS2vAr2lTbsplOt2WkKp0vQbkI9wKis/T5LV/dqPjO3bpS/z6GTJB82LA==}
    engines: {node: '>=18'}

  ignore@7.0.9:
    resolution: {integrity: sha512-brTTsvFRt5C1gGHtPst/281UjPD5t9fBqbgoMPlVWy11ZLTPfu7HxK4ZYqO9H7o/yC9rSTCI85EaQ4OoY12qYw==}
    engines: {node: '>= 4'}

  immer@10.2.0:
    resolution: {integrity: sha512-d/+XTN3zfODyjr89gM3mPq1WNX2B8pYsu7eORitdwyA2sBubnTl3laYlBk4sXY5FUa5qTZGBDPJICVbvqzjlbw==}

  import-fresh@3.3.1:
    resolution: {integrity: sha512-TR3KfrTZTYLPB6jUjfx6MF9WcWrHL9su5TObK4ZkYgBdWKPOFoSoQIdEuTuR82pmtxH2spWG9h6etwfr1pLBqQ==}
    engines: {node: '>=6'}

  is-arrayish@0.2.1:
    resolution: {integrity: sha512-zz06S8t0ozoDXMG+ube26zeCTNXcKIPJZJi8hBrF4idCLms4CG9QtK7qBl1boi5ODzFpjswb5JPmHCbMpjaYzg==}

  is-extglob@2.1.1:
    resolution: {integrity: sha512-SbKbANkN603Vi4jEZv49LeVJMn4yGwsbzZworEoyEiutsN3nJYdbO36zfhGJ6QEDpOZIFkDtnq5JRxmvl3jsoQ==}
    engines: {node: '>=0.10.0'}

  is-fullwidth-code-point@3.0.0:
    resolution: {integrity: sha512-zymm5+u+sCsSWyD9qNaejV3DFvhCKclKdizYaJUuHA83RLjb7nSuGnddCHGv0hk+KY7BMAlsWeK4Ueg6EV6XQg==}
    engines: {node: '>=8'}

  is-glob@4.0.3:
    resolution: {integrity: sha512-xelSayHH36ZgE7ZWhli7pW34hNbNl8Ojv5KVmkJD4hBdD3th8Tfk9vYasLM+mXWOZhFkgZfxhLSnrwRr4elSSg==}
    engines: {node: '>=0.10.0'}

  is-number@7.0.0:
    resolution: {integrity: sha512-41Cifkg6e8TylSpdtTpeLVMqvSBEVzTttHvERD741+pnZ8ANv0004MRL43QKPDlK9cGvNp6NZWZUBlbGXYxxng==}
    engines: {node: '>=0.12.0'}

  js-tokens@4.0.0:
    resolution: {integrity: sha512-RdJUflcE3cUzKiMqQgsCu06FPu9UdIJO0beYbPhHN4k6apgJtifcoCtT9bcxOpYBtpD2kCM6Sbzg4CausW/PKQ==}

  js-yaml@4.3.2:
    resolution: {integrity: sha512-SFNOvSJ+Dgf/9An904Yx+CgSlIPCkIpao4qo51lpee25TIRejdH3rhR4EZMGoNx3/TP3O+wzWuiTFl4sqbltzA==}
    hasBin: true

  json-parse-even-better-errors@2.3.1:
    resolution: {integrity: sha512-xyFwyhro/JEof6Ghe2iz2NcXoj2sloNsWr/XsERDK/oiPCfaNhl5ONfp+jQdAZRQQ0IJWNzH9zIZF7li91kh2w==}

  lines-and-columns@1.2.4:
    resolution: {integrity: sha512-7ylylesZQ/PV29jhEDl3Ufjo6ZX7gCqJr5F7PKrqc93v7fzSymt1BpwEU8nAUXs8qzzvqhbjhK5QZg6Mt/HkBg==}

  lodash-es@4.18.1:
    resolution: {integrity: sha512-J8xewKD/Gk22OZbhpOVSwcs60zhd95ESDwezOFuA3/099925PdHJ7OFHNTGtajL3AlZkykD32HykiMo+BIBI8A==}

  merge2@1.4.1:
    resolution: {integrity: sha512-8q7VEgMJW4J8tcfVPy8g09NcQwZdbwFEqhe/WZkoIzjn/3TGDwtOCYtXGxA3O8tPzpczCCDgv+P2P5y00ZJOOg==}
    engines: {node: '>= 8'}

  micromatch@4.0.8:
    resolution: {integrity: sha512-PXwfBhYu0hBCPw8Dn0E+WDYb7af3dSLVWKi3HGv84IdF4TyFoC0ysxFd0Goxw7nSv4T/PzEJQxsYsEiFCKo2BA==}
    engines: {node: '>=8.6'}

  nanoid@3.3.19:
    resolution: {integrity: sha512-Y2tUNy4ouw6tq5oDSKeQYGOyhkUBhNOcGV/02KC+6kd9eDGqdZd++mjMiIDilrBYvjEnCYvVtsuHCuP+okSfug==}
    engines: {node: ^10 || ^12 || ^13.7 || ^14 || >=15.0.1}
    hasBin: true

  next@16.3.5:
    resolution: {integrity: sha512-MdtsTgzyfCPRLC6uJ1mN8ao7lyJ4BB0U6Inhnx3gta1UcCIdHK3yxLG0E8OWQteWD8/Q0qb8A5o7wJaL8M9y2w==}
    engines: {node: '>=20.9.0'}
    hasBin: true
    peerDependencies:
      '@opentelemetry/api': ^1.1.0
      '@playwright/test': ^1.51.1
      babel-plugin-react-compiler: '*'
      react: ^18.2.0 || 19.0.0-rc-de68d2f4-20241204 || ^19.0.0
      react-dom: ^18.2.0 || 19.0.0-rc-de68d2f4-20241204 || ^19.0.0
      sass: ^1.3.0
    peerDependenciesMeta:
      '@opentelemetry/api':
        optional: true
      '@playwright/test':
        optional: true
      babel-plugin-react-compiler:
        optional: true
      sass:
        optional: true

  parent-module@1.0.1:
    resolution: {integrity: sha512-GQ2EWRpQV8/o+Aw8YqtfZZPfNRWZYkbidE9k5rpl/hC3vtHHBfGm2Ifi6qWV+coDGkrUKZAxE3Lot5kcsRlh+g==}
    engines: {node: '>=6'}

  parse-json@5.2.0:
    resolution: {integrity: sha512-ayCKvm/phCGxOkYRSCM82iDwct8/EonSEgCSxWxD7ve6jHggsFl4fZVQBPRNgQoKiuV/odhFrGzQXZwbifC8Rg==}
    engines: {node: '>=8'}

  path-type@6.0.0:
    resolution: {integrity: sha512-Vj7sf++t5pBD637NSfkxpHSMfWaeig5+DKWLhcqIYx6mWQz5hdJTGDVMQiJcw1ZYkhs7AazKDGpRVji1LJCZUQ==}
    engines: {node: '>=18'}

  patronum@2.3.0:
    resolution: {integrity: sha512-BfKIOpoymVz6XnkOn8Fi5QZ1a3r/3lXdd8BcdHmYDbIXPTIRnD1EPFBFev/DheWnOge6/ZswEqgNF2ANLGOxLw==}
    peerDependencies:
      effector: ^23

  picocolors@1.1.1:
    resolution: {integrity: sha512-xceH2snhtb5M9liqDsmEw56le376mTZkEX/jEb/RxNFyegNul7eNslCXP9FDj/Lcu0X8KEyMceP2ntpaHrDEVA==}

  picomatch@2.3.2:
    resolution: {integrity: sha512-V7+vQEJ06Z+c5tSye8S+nHUfI51xoXIXjHQ99cQtKUkQqqO1kO/KCJUfZXuB47h/YBlDhah2H3hdUGXn8ie0oA==}
    engines: {node: '>=8.6'}

  pluralize@8.0.0:
    resolution: {integrity: sha512-Nc3IT5yHzflTfbjgqWcCPpo7DaKy4FnpB0l/zCAW0Tc7jxAiuqSxHasntB3D7887LSrA93kDJ9IXovxJYxyLCA==}
    engines: {node: '>=4'}

  postcss@8.5.23:
    resolution: {integrity: sha512-g50586zr4bZmwFiTlflMu8E0bDTb5I5gertgwAKmsdUlTQIhZtunzUlD1WSzwcVWPoAVpsrA6vlfCD7oXvRwgg==}
    engines: {node: ^10 || ^12 || >=14}

  prettier-plugin-tailwindcss@0.8.1:
    resolution: {integrity: sha512-iaFMYqDsE4ffdDkn5qup0j5f2aCEBFZrdrZnvu9QKTlWx/iGPeQ4HHu7b7fCPMxeo9nwQBiOAh2nSypdFYWJkw==}
    engines: {node: '>=20.19'}
    peerDependencies:
      '@ianvs/prettier-plugin-sort-imports': '*'
      '@prettier/plugin-hermes': '*'
      '@prettier/plugin-oxc': '*'
      '@prettier/plugin-pug': '*'
      '@shopify/prettier-plugin-liquid': '*'
      '@trivago/prettier-plugin-sort-imports': '*'
      '@zackad/prettier-plugin-twig': '*'
      prettier: ^3.0
      prettier-plugin-astro: '*'
      prettier-plugin-css-order: '*'
      prettier-plugin-jsdoc: '*'
      prettier-plugin-marko: '*'
      prettier-plugin-multiline-arrays: '*'
      prettier-plugin-organize-attributes: '*'
      prettier-plugin-organize-imports: '*'
      prettier-plugin-sort-imports: '*'
      prettier-plugin-svelte: '*'
    peerDependenciesMeta:
      '@ianvs/prettier-plugin-sort-imports':
        optional: true
      '@prettier/plugin-hermes':
        optional: true
      '@prettier/plugin-oxc':
        optional: true
      '@prettier/plugin-pug':
        optional: true
      '@shopify/prettier-plugin-liquid':
        optional: true
      '@trivago/prettier-plugin-sort-imports':
        optional: true
      '@zackad/prettier-plugin-twig':
        optional: true
      prettier-plugin-astro:
        optional: true
      prettier-plugin-css-order:
        optional: true
      prettier-plugin-jsdoc:
        optional: true
      prettier-plugin-marko:
        optional: true
      prettier-plugin-multiline-arrays:
        optional: true
      prettier-plugin-organize-attributes:
        optional: true
      prettier-plugin-organize-imports:
        optional: true
      prettier-plugin-sort-imports:
        optional: true
      prettier-plugin-svelte:
        optional: true

  prettier@3.9.7:
    resolution: {integrity: sha512-T3mF5P7HFzZVLDQuCUNtJj6WK1pcpLMweMNUVwGb01bLNkH9AkKxtZvmInw8K6bnn2O3d6/5RHl6zSHiBAD0Og==}
    engines: {node: '>=14'}
    hasBin: true

  prexit@2.3.0:
    resolution: {integrity: sha512-mX+LIbtS0anKtl2PykYabxninwloblUQMRO6CubeSmjxb+kKlATuJoH9UeN8NLE4TgIEFWfBXw7V3GkWbBrSmg==}
    engines: {node: '>=12'}

  queue-microtask@1.2.3:
    resolution: {integrity: sha512-NuaNSa6flKT5JaSYQzJok04JzTL1CA6aGhv5rfLW3PgqA+M2ChpZQnAC8h8i4ZFkBS8X5RqkDBHA7r4hej3K9A==}

  react-dom@19.3.0:
    resolution: {integrity: sha512-JDk8dgif51OjFoDE70+OT9ICyYr+69HlmihNwp1+Nsfbna3t5sIiCa9ZJktDmQ4/1b/rn26hIAR2uYXDMr5r0Q==}
    peerDependencies:
      react: ^19.3.0

  react@19.3.0:
    resolution: {integrity: sha512-E8LUcbtBWt20bbl2YoHfx4ZDBdxVTfOKtCZn9cDSJ4l6/nuoApcpIBcj47t2wZoVX8g2ZHuMHbiShgCR1T5Sog==}
    engines: {node: '>=0.10.0'}

  readdirp@4.1.2:
    resolution: {integrity: sha512-GDhwkLfywWL2s6vEjyhri+eXmfH6j1L7JE27WhqLeYzoh/A3DBaYGEj2H/HFZCn/kMfim73FXxEJTw06WtxQwg==}
    engines: {node: '>= 14.18.0'}

  require-directory@2.1.1:
    resolution: {integrity: sha512-fGxEI7+wsG9xrvdjsrlmL22OMTTiHRwAMroiEeMgq8gzoLC/PQr7RsRDSTLUg/bZAZtF+TVIkHc6/4RIKrui+Q==}
    engines: {node: '>=0.10.0'}

  resolve-from@4.0.0:
    resolution: {integrity: sha512-pb/MYmXstAkysRFx8piNI1tGFNQIFA3vkE3Gq4EuA1dF6gHp/+vgZqsCGJapvy8N3Q+4o7FwvquPJcnZ7RYy4g==}
    engines: {node: '>=4'}

  reusify@1.1.0:
    resolution: {integrity: sha512-g6QUff04oZpHs0eG5p83rFLhHeV00ug/Yf9nZM6fLeUrPguBTkTQOdpAWWspMh55TZfVQDPaN3NQJfbVRAxdIw==}
    engines: {iojs: '>=1.0.0', node: '>=0.10.0'}

  run-parallel@1.2.0:
    resolution: {integrity: sha512-5l4VyZR86LZ/lDxZTR6jqL8AFE2S0IFLMP26AbjsLVADxHdhB/c0GUsH+y39UfCi3dzz8OlQuPmnaJOMoDHQBA==}

  scheduler@0.28.0:
    resolution: {integrity: sha512-juorfCmIkIw8tT+p5BXSm6PJjQF/ycEYmKyzURCIt/RaZIhL+PulbQ9Yu2z1HdOJDdqDTlxA1+xKBmHXJsczAw==}

  semver@7.8.5:
    resolution: {integrity: sha512-Y7/KDsb8LjooZpwaqGyulO6DQlksgCncchHGk+sZIY4SBvUocMBEFH5Ur1fI4dV+Jvl0w6cjvucaIi40puRioA==}
    engines: {node: '>=10'}
    hasBin: true

  sharp@0.35.4:
    resolution: {integrity: sha512-n++8XWcj+jCOr2IOl7h8LbKnGBDY4aPbmprMONBNFdn0ImXqpGVv5zliDs0V9HbmbCQLpbuo2ej9rAoOQTvMDA==}
    engines: {node: '>=20.9.0'}
    peerDependencies:
      '@types/node': '*'
    peerDependenciesMeta:
      '@types/node':
        optional: true

  sisteransi@1.0.5:
    resolution: {integrity: sha512-bLGGlR1QxBcynn2d5YmDX4MGjlZvy2MRBDRNHLJ8VI6l6+9FUiyTFNJ0IveOSP0bcXgVDPRcfGqA0pjaqUpfVg==}

  slash@5.1.0:
    resolution: {integrity: sha512-ZA6oR3T/pEyuqwMgAKT0/hAv8oAXckzbkmR0UkUosQ+Mc4RxGoJkRmwHgHufaenlyAgE1Mxgpdcrf75y6XcnDg==}
    engines: {node: '>=14.16'}

  source-map-js@1.2.1:
    resolution: {integrity: sha512-UXWMKhLOwVKb728IUtQPXxfYU+usdybtUrK/8uGE8CQMvrhOpwvzDBwj0QhSL7MQc7vIsISBG8VQ8+IDQxpfQA==}
    engines: {node: '>=0.10.0'}

  steiger@0.6.0:
    resolution: {integrity: sha512-XOG11zwU/m0Aq7bK9zCxH+//QemXis2P3pQJ99kYeaKhVr7YuR41cyN2bTQKrW9vTLw3Uykpai7ohfEX3nMN3Q==}
    hasBin: true

  string-width@4.2.3:
    resolution: {integrity: sha512-wKyQRQpjJ0sIp62ErSZdGsjMJWsap5oRNihHhu6G7JVO/9jIB6UyevL+tXuOqrng8j/cxKTWyWUwvSTriiZz/g==}
    engines: {node: '>=8'}

  strip-ansi@6.0.1:
    resolution: {integrity: sha512-Y38VPSHcqkFrCpFnQ9vuSXmquuv5oXOKpGeT6aGrr3o3Gc9AlVa6JBfUSOCnbxGGZF+/0ooI7KrPuUSztUdU5A==}
    engines: {node: '>=8'}

  styled-jsx@5.1.6:
    resolution: {integrity: sha512-qSVyDTeMotdvQYoHWLNGwRFJHC+i+ZvdBRYosOFgC+Wg1vx4frN2/RG/NA7SYqqvKNLf39P2LSRA2pu6n0XYZA==}
    engines: {node: '>= 12.0.0'}
    peerDependencies:
      '@babel/core': '*'
      babel-plugin-macros: '*'
      react: '>= 16.8.0 || 17.x.x || ^18.0.0-0 || ^19.0.0-0'
    peerDependenciesMeta:
      '@babel/core':
        optional: true
      babel-plugin-macros:
        optional: true

  to-regex-range@5.0.1:
    resolution: {integrity: sha512-65P7iz6X5yEr1cwcgvQxbbIw7Uk3gOy5dIdtZ4rDveLqhrdJP+Li/Hx6tyK0NEb+2GCyneCMJiGqrADCSNk8sQ==}
    engines: {node: '>=8.0'}

  tsconfck@3.1.6:
    resolution: {integrity: sha512-ks6Vjr/jEw0P1gmOVwutM3B7fWxoWBL2KRDb1JfqGVawBmO5UsvmWOQFGHBPl5yxYz4eERr19E6L7NMv+Fej4w==}
    engines: {node: ^18 || >=20}
    deprecated: unmaintained
    hasBin: true
    peerDependencies:
      typescript: ^5.0.0
    peerDependenciesMeta:
      typescript:
        optional: true

  tslib@2.8.1:
    resolution: {integrity: sha512-oJFu94HQb+KVduSUQL7wnpmqnfmLsOA/nAh6b6EH0wCEoK0/mPeXU6c3wKDV83MkOuHPRHtSXKKU99IBazS/2w==}

  turbo@2.10.13:
    resolution: {integrity: sha512-69MkPbjk+G8oyC7pC2DeBk0rPdbLz51wuH5eAT0Q4BVJkzq/b1XM4kUUidsARbmDjwIELSJwd1ezITULY9kWNw==}
    hasBin: true

  typescript@5.9.3:
    resolution: {integrity: sha512-jl1vZzPDinLr9eUt3J/t7V6FgNEw9QjvBPdysz9KfQDD41fQrC2Y4vKQdiaUpFT4bXlb1RHhLpp8wtm6M5TgSw==}
    engines: {node: '>=14.17'}
    hasBin: true

  typescript@6.0.3:
    resolution: {integrity: sha512-y2TvuxSZPDyQakkFRPZHKFm+KKVqIisdg9/CZwm9ftvKXLP8NRWj38/ODjNbr43SsoXqNuAisEf1GdCxqWcdBw==}
    engines: {node: '>=14.17'}
    hasBin: true

  undici-types@7.18.2:
    resolution: {integrity: sha512-AsuCzffGHJybSaRrmr5eHr81mwJU3kjw6M+uprWvCXiNeN9SOGwQ3Jn8jb8m3Z6izVgknn1R0FTCEAP2QrLY/w==}

  unicorn-magic@0.3.0:
    resolution: {integrity: sha512-+QBBXBCvifc56fsbuxZQ6Sic3wqqc3WWaqxs58gvJrcOuN83HGTCwz3oS5phzU9LthRNE9VrJCFCLUgHeeFnfA==}
    engines: {node: '>=18'}

  web-tree-sitter@0.26.13:
    resolution: {integrity: sha512-5bUZ7vbQ1kcondet96wzP974+JfCZDeQ7bTpacICm2nnvHpa5cO0ByRsoMcAhUP+743vpkb4m0BFlVSm+Ye9VA==}

  wrap-ansi@7.0.0:
    resolution: {integrity: sha512-YVGIj2kamLSTxw6NsZjoBxfSwsn0ycdesmc4p+Q21c5zPuZ1pl+NfxVdxPtdHvmNVOQ6XSYG4AUtyt/Fi7D16Q==}
    engines: {node: '>=10'}

  y18n@5.0.8:
    resolution: {integrity: sha512-0pfFzegeDWJHJIAmTLRP2DwHjdF5s7jo9tuztdQxAhINCdvS+3nGINqPd00AphqJR/0LhANUS6/+7SCb98YOfA==}
    engines: {node: '>=10'}

  yargs-parser@21.1.1:
    resolution: {integrity: sha512-tVpsJW7DdjecAiFpbIB1e3qxIQsE6NoPc5/eTdrbbIC4h0LVsWhnoa3g+m2HclBIujHzsxZ4VJVA+GUuc2/LBw==}
    engines: {node: '>=12'}

  yargs@17.7.3:
    resolution: {integrity: sha512-GZtjxm/J/4TSxuL3FNYjCmLktBTnIw/rVmKSIyKeYAZpmJB2ig9VauCC5xsa82GNKVKDAqpOn3KVzNt0zmrU0g==}
    engines: {node: '>=12'}

  zod-validation-error@3.5.4:
    resolution: {integrity: sha512-+hEiRIiPobgyuFlEojnqjJnhFvg4r/i3cqgcm67eehZf/WBaK3g6cD02YU9mtdVxZjv8CzCA9n/Rhrs3yAAvAw==}
    engines: {node: '>=18.0.0'}
    peerDependencies:
      zod: ^3.24.4

  zod@3.25.76:
    resolution: {integrity: sha512-gzUt/qt81nXsFGKIFcC3YnfEAx5NkunCfnDlvuBSSFS02bcXu4Lmea0AFIUwbLWxWPx3d9p8S5QoaujKcNQxcQ==}

snapshots:

  '@babel/code-frame@7.29.7':
    dependencies:
      '@babel/helper-validator-identifier': 7.29.7
      js-tokens: 4.0.0
      picocolors: 1.1.1

  '@babel/helper-validator-identifier@7.29.7': {}

  '@clack/core@0.4.1':
    dependencies:
      picocolors: 1.1.1
      sisteransi: 1.0.5

  '@clack/prompts@0.9.1':
    dependencies:
      '@clack/core': 0.4.1
      picocolors: 1.1.1
      sisteransi: 1.0.5

  '@emnapi/runtime@1.11.3':
    dependencies:
      tslib: 2.8.1
    optional: true

  '@feature-sliced/filesystem@3.1.1':
    dependencies:
      typescript: 5.9.3

  '@feature-sliced/steiger-plugin@0.7.0(typescript@6.0.3)':
    dependencies:
      '@feature-sliced/filesystem': 3.1.1
      fastest-levenshtein: 1.0.16
      lodash-es: 4.18.1
      pluralize: 8.0.0
      tsconfck: 3.1.6(typescript@6.0.3)
      web-tree-sitter: 0.26.13
    transitivePeerDependencies:
      - typescript

  '@img/colour@1.1.0':
    optional: true

  '@img/sharp-darwin-arm64@0.35.4':
    optionalDependencies:
      '@img/sharp-libvips-darwin-arm64': 1.3.3
    optional: true

  '@img/sharp-darwin-x64@0.35.4':
    optionalDependencies:
      '@img/sharp-libvips-darwin-x64': 1.3.3
    optional: true

  '@img/sharp-freebsd-wasm32@0.35.4':
    dependencies:
      '@img/sharp-wasm32': 0.35.4
    optional: true

  '@img/sharp-libvips-darwin-arm64@1.3.3':
    optional: true

  '@img/sharp-libvips-darwin-x64@1.3.3':
    optional: true

  '@img/sharp-libvips-linux-arm64@1.3.3':
    optional: true

  '@img/sharp-libvips-linux-arm@1.3.3':
    optional: true

  '@img/sharp-libvips-linux-ppc64@1.3.3':
    optional: true

  '@img/sharp-libvips-linux-riscv64@1.3.3':
    optional: true

  '@img/sharp-libvips-linux-s390x@1.3.3':
    optional: true

  '@img/sharp-libvips-linux-x64@1.3.3':
    optional: true

  '@img/sharp-libvips-linuxmusl-arm64@1.3.3':
    optional: true

  '@img/sharp-libvips-linuxmusl-x64@1.3.3':
    optional: true

  '@img/sharp-linux-arm64@0.35.4':
    optionalDependencies:
      '@img/sharp-libvips-linux-arm64': 1.3.3
    optional: true

  '@img/sharp-linux-arm@0.35.4':
    optionalDependencies:
      '@img/sharp-libvips-linux-arm': 1.3.3
    optional: true

  '@img/sharp-linux-ppc64@0.35.4':
    optionalDependencies:
      '@img/sharp-libvips-linux-ppc64': 1.3.3
    optional: true

  '@img/sharp-linux-riscv64@0.35.4':
    optionalDependencies:
      '@img/sharp-libvips-linux-riscv64': 1.3.3
    optional: true

  '@img/sharp-linux-s390x@0.35.4':
    optionalDependencies:
      '@img/sharp-libvips-linux-s390x': 1.3.3
    optional: true

  '@img/sharp-linux-x64@0.35.4':
    optionalDependencies:
      '@img/sharp-libvips-linux-x64': 1.3.3
    optional: true

  '@img/sharp-linuxmusl-arm64@0.35.4':
    optionalDependencies:
      '@img/sharp-libvips-linuxmusl-arm64': 1.3.3
    optional: true

  '@img/sharp-linuxmusl-x64@0.35.4':
    optionalDependencies:
      '@img/sharp-libvips-linuxmusl-x64': 1.3.3
    optional: true

  '@img/sharp-wasm32@0.35.4':
    dependencies:
      '@emnapi/runtime': 1.11.3
    optional: true

  '@img/sharp-webcontainers-wasm32@0.35.4':
    dependencies:
      '@img/sharp-wasm32': 0.35.4
    optional: true

  '@img/sharp-win32-arm64@0.35.4':
    optional: true

  '@img/sharp-win32-ia32@0.35.4':
    optional: true

  '@img/sharp-win32-x64@0.35.4':
    optional: true

  '@next/env@16.3.5': {}

  '@next/swc-darwin-arm64@16.3.5':
    optional: true

  '@next/swc-darwin-x64@16.3.5':
    optional: true

  '@next/swc-linux-arm64-gnu@16.3.5':
    optional: true

  '@next/swc-linux-arm64-musl@16.3.5':
    optional: true

  '@next/swc-linux-x64-gnu@16.3.5':
    optional: true

  '@next/swc-linux-x64-musl@16.3.5':
    optional: true

  '@next/swc-win32-arm64-msvc@16.3.5':
    optional: true

  '@next/swc-win32-x64-msvc@16.3.5':
    optional: true

  '@nodelib/fs.scandir@2.1.5':
    dependencies:
      '@nodelib/fs.stat': 2.0.5
      run-parallel: 1.2.0

  '@nodelib/fs.stat@2.0.5': {}

  '@nodelib/fs.walk@1.2.8':
    dependencies:
      '@nodelib/fs.scandir': 2.1.5
      fastq: 1.20.3

  '@sindresorhus/merge-streams@2.3.0': {}

  '@swc/helpers@0.5.23':
    dependencies:
      tslib: 2.8.1

  '@turbo/darwin-64@2.10.13':
    optional: true

  '@turbo/darwin-arm64@2.10.13':
    optional: true

  '@turbo/linux-64@2.10.13':
    optional: true

  '@turbo/linux-arm64@2.10.13':
    optional: true

  '@turbo/windows-64@2.10.13':
    optional: true

  '@turbo/windows-arm64@2.10.13':
    optional: true

  '@types/node@24.13.5':
    dependencies:
      undici-types: 7.18.2

  '@types/react-dom@19.3.0(@types/react@19.3.0)':
    dependencies:
      '@types/react': 19.3.0

  '@types/react@19.3.0':
    dependencies:
      csstype: 3.2.3

  ansi-regex@5.0.1: {}

  ansi-styles@4.3.0:
    dependencies:
      color-convert: 2.0.1

  argparse@2.0.1: {}

  baseline-browser-mapping@2.11.24: {}

  braces@3.0.3:
    dependencies:
      fill-range: 7.1.1

  callsites@3.1.0: {}

  caniuse-lite@1.0.30001810: {}

  chokidar@4.0.3:
    dependencies:
      readdirp: 4.1.2

  client-only@0.0.1: {}

  cliui@8.0.1:
    dependencies:
      string-width: 4.2.3
      strip-ansi: 6.0.1
      wrap-ansi: 7.0.0

  color-convert@2.0.1:
    dependencies:
      color-name: 1.1.4

  color-name@1.1.4: {}

  cosmiconfig@9.0.2(typescript@6.0.3):
    dependencies:
      env-paths: 2.2.1
      import-fresh: 3.3.1
      js-yaml: 4.3.2
      parse-json: 5.2.0
    optionalDependencies:
      typescript: 6.0.3

  csstype@3.2.3: {}

  detect-libc@2.1.2:
    optional: true

  effector@23.4.4: {}

  emoji-regex@8.0.0: {}

  empathic@1.1.0: {}

  env-paths@2.2.1: {}

  error-ex@1.3.4:
    dependencies:
      is-arrayish: 0.2.1

  escalade@3.2.0: {}

  fast-glob@3.3.3:
    dependencies:
      '@nodelib/fs.stat': 2.0.5
      '@nodelib/fs.walk': 1.2.8
      glob-parent: 5.1.2
      merge2: 1.4.1
      micromatch: 4.0.8

  fastest-levenshtein@1.0.16: {}

  fastq@1.20.3:
    dependencies:
      reusify: 1.1.0

  fill-range@7.1.1:
    dependencies:
      to-regex-range: 5.0.1

  get-caller-file@2.0.5: {}

  glob-parent@5.1.2:
    dependencies:
      is-glob: 4.0.3

  globby@14.1.0:
    dependencies:
      '@sindresorhus/merge-streams': 2.3.0
      fast-glob: 3.3.3
      ignore: 7.0.9
      path-type: 6.0.0
      slash: 5.1.0
      unicorn-magic: 0.3.0

  ignore@7.0.9: {}

  immer@10.2.0: {}

  import-fresh@3.3.1:
    dependencies:
      parent-module: 1.0.1
      resolve-from: 4.0.0

  is-arrayish@0.2.1: {}

  is-extglob@2.1.1: {}

  is-fullwidth-code-point@3.0.0: {}

  is-glob@4.0.3:
    dependencies:
      is-extglob: 2.1.1

  is-number@7.0.0: {}

  js-tokens@4.0.0: {}

  js-yaml@4.3.2:
    dependencies:
      argparse: 2.0.1

  json-parse-even-better-errors@2.3.1: {}

  lines-and-columns@1.2.4: {}

  lodash-es@4.18.1: {}

  merge2@1.4.1: {}

  micromatch@4.0.8:
    dependencies:
      braces: 3.0.3
      picomatch: 2.3.2

  nanoid@3.3.19: {}

  next@16.3.5(@types/node@24.13.5)(react-dom@19.3.0(react@19.3.0))(react@19.3.0):
    dependencies:
      '@next/env': 16.3.5
      '@swc/helpers': 0.5.23
      baseline-browser-mapping: 2.11.24
      caniuse-lite: 1.0.30001810
      postcss: 8.5.23
      react: 19.3.0
      react-dom: 19.3.0(react@19.3.0)
      styled-jsx: 5.1.6(react@19.3.0)
    optionalDependencies:
      '@next/swc-darwin-arm64': 16.3.5
      '@next/swc-darwin-x64': 16.3.5
      '@next/swc-linux-arm64-gnu': 16.3.5
      '@next/swc-linux-arm64-musl': 16.3.5
      '@next/swc-linux-x64-gnu': 16.3.5
      '@next/swc-linux-x64-musl': 16.3.5
      '@next/swc-win32-arm64-msvc': 16.3.5
      '@next/swc-win32-x64-msvc': 16.3.5
      sharp: 0.35.4(@types/node@24.13.5)
    transitivePeerDependencies:
      - '@babel/core'
      - '@types/node'
      - babel-plugin-macros

  parent-module@1.0.1:
    dependencies:
      callsites: 3.1.0

  parse-json@5.2.0:
    dependencies:
      '@babel/code-frame': 7.29.7
      error-ex: 1.3.4
      json-parse-even-better-errors: 2.3.1
      lines-and-columns: 1.2.4

  path-type@6.0.0: {}

  patronum@2.3.0(effector@23.4.4):
    dependencies:
      effector: 23.4.4

  picocolors@1.1.1: {}

  picomatch@2.3.2: {}

  pluralize@8.0.0: {}

  postcss@8.5.23:
    dependencies:
      nanoid: 3.3.19
      picocolors: 1.1.1
      source-map-js: 1.2.1

  prettier-plugin-tailwindcss@0.8.1(prettier@3.9.7):
    dependencies:
      prettier: 3.9.7

  prettier@3.9.7: {}

  prexit@2.3.0: {}

  queue-microtask@1.2.3: {}

  react-dom@19.3.0(react@19.3.0):
    dependencies:
      react: 19.3.0
      scheduler: 0.28.0

  react@19.3.0: {}

  readdirp@4.1.2: {}

  require-directory@2.1.1: {}

  resolve-from@4.0.0: {}

  reusify@1.1.0: {}

  run-parallel@1.2.0:
    dependencies:
      queue-microtask: 1.2.3

  scheduler@0.28.0: {}

  semver@7.8.5:
    optional: true

  sharp@0.35.4(@types/node@24.13.5):
    dependencies:
      '@img/colour': 1.1.0
      detect-libc: 2.1.2
      semver: 7.8.5
    optionalDependencies:
      '@img/sharp-darwin-arm64': 0.35.4
      '@img/sharp-darwin-x64': 0.35.4
      '@img/sharp-freebsd-wasm32': 0.35.4
      '@img/sharp-libvips-darwin-arm64': 1.3.3
      '@img/sharp-libvips-darwin-x64': 1.3.3
      '@img/sharp-libvips-linux-arm': 1.3.3
      '@img/sharp-libvips-linux-arm64': 1.3.3
      '@img/sharp-libvips-linux-ppc64': 1.3.3
      '@img/sharp-libvips-linux-riscv64': 1.3.3
      '@img/sharp-libvips-linux-s390x': 1.3.3
      '@img/sharp-libvips-linux-x64': 1.3.3
      '@img/sharp-libvips-linuxmusl-arm64': 1.3.3
      '@img/sharp-libvips-linuxmusl-x64': 1.3.3
      '@img/sharp-linux-arm': 0.35.4
      '@img/sharp-linux-arm64': 0.35.4
      '@img/sharp-linux-ppc64': 0.35.4
      '@img/sharp-linux-riscv64': 0.35.4
      '@img/sharp-linux-s390x': 0.35.4
      '@img/sharp-linux-x64': 0.35.4
      '@img/sharp-linuxmusl-arm64': 0.35.4
      '@img/sharp-linuxmusl-x64': 0.35.4
      '@img/sharp-webcontainers-wasm32': 0.35.4
      '@img/sharp-win32-arm64': 0.35.4
      '@img/sharp-win32-ia32': 0.35.4
      '@img/sharp-win32-x64': 0.35.4
      '@types/node': 24.13.5
    optional: true

  sisteransi@1.0.5: {}

  slash@5.1.0: {}

  source-map-js@1.2.1: {}

  steiger@0.6.0(typescript@6.0.3):
    dependencies:
      '@clack/prompts': 0.9.1
      '@feature-sliced/steiger-plugin': 0.7.0(typescript@6.0.3)
      chokidar: 4.0.3
      cosmiconfig: 9.0.2(typescript@6.0.3)
      effector: 23.4.4
      empathic: 1.1.0
      fastest-levenshtein: 1.0.16
      globby: 14.1.0
      immer: 10.2.0
      lodash-es: 4.18.1
      micromatch: 4.0.8
      patronum: 2.3.0(effector@23.4.4)
      picocolors: 1.1.1
      prexit: 2.3.0
      yargs: 17.7.3
      zod: 3.25.76
      zod-validation-error: 3.5.4(zod@3.25.76)
    transitivePeerDependencies:
      - typescript

  string-width@4.2.3:
    dependencies:
      emoji-regex: 8.0.0
      is-fullwidth-code-point: 3.0.0
      strip-ansi: 6.0.1

  strip-ansi@6.0.1:
    dependencies:
      ansi-regex: 5.0.1

  styled-jsx@5.1.6(react@19.3.0):
    dependencies:
      client-only: 0.0.1
      react: 19.3.0

  to-regex-range@5.0.1:
    dependencies:
      is-number: 7.0.0

  tsconfck@3.1.6(typescript@6.0.3):
    optionalDependencies:
      typescript: 6.0.3

  tslib@2.8.1: {}

  turbo@2.10.13:
    optionalDependencies:
      '@turbo/darwin-64': 2.10.13
      '@turbo/darwin-arm64': 2.10.13
      '@turbo/linux-64': 2.10.13
      '@turbo/linux-arm64': 2.10.13
      '@turbo/windows-64': 2.10.13
      '@turbo/windows-arm64': 2.10.13

  typescript@5.9.3: {}

  typescript@6.0.3: {}

  undici-types@7.18.2: {}

  unicorn-magic@0.3.0: {}

  web-tree-sitter@0.26.13: {}

  wrap-ansi@7.0.0:
    dependencies:
      ansi-styles: 4.3.0
      string-width: 4.2.3
      strip-ansi: 6.0.1

  y18n@5.0.8: {}

  yargs-parser@21.1.1: {}

  yargs@17.7.3:
    dependencies:
      cliui: 8.0.1
      escalade: 3.2.0
      get-caller-file: 2.0.5
      require-directory: 2.1.1
      string-width: 4.2.3
      y18n: 5.0.8
      yargs-parser: 21.1.1

  zod-validation-error@3.5.4(zod@3.25.76):
    dependencies:
      zod: 3.25.76

  zod@3.25.76: {}
